
Microsoft Visual Studio Solution File, Format Version 12.00
# Visual Studio Version 17
VisualStudioVersion = 17.8.34525.116
MinimumVisualStudioVersion = 10.0.40219.1
Project("{00D1A9C2-B5F0-4AF3-8072-F6C62B433612}") = "TestDb", "TestDb\TestDb.sqlproj", "{C95FD90F-B4A3-4D8D-8B95-6F96D4DFC03F}"
EndProject
Project("{FAE04EC0-301F-11D3-BF4B-00C04F79EFBC}") = "DataAccess", "DataAccess\DataAccess.csproj", "{EBCCDAD1-7311-4DFA-A47D-BA4028DD1145}"
EndProject
Global
	GlobalSection(SolutionConfigurationPlatforms) = preSolution
		Debug|Any CPU = Debug|Any CPU
		Release|Any CPU = Release|Any CPU
	EndGlobalSection
	GlobalSection(ProjectConfigurationPlatforms) = postSolution
		{C95FD90F-B4A3-4D8D-8B95-6F96D4DFC03F}.Debug|Any CPU.ActiveCfg = Debug|Any CPU
		{C95FD90F-B4A3-4D8D-8B95-6F96D4DFC03F}.Debug|Any CPU.Build.0 = Debug|Any CPU
		{C95FD90F-B4A3-4D8D-8B95-6F96D4DFC03F}.Debug|Any CPU.Deploy.0 = Debug|Any CPU
		{C95FD90F-B4A3-4D8D-8B95-6F96D4DFC03F}.Release|Any CPU.ActiveCfg = Release|Any CPU
		{C95FD90F-B4A3-4D8D-8B95-6F96D4DFC03F}.Release|Any CPU.Build.0 = Release|Any CPU
		{C95FD90F-B4A3-4D8D-8B95-6F96D4DFC03F}.Release|Any CPU.Deploy.0 = Release|Any CPU
		{EBCCDAD1-7311-4DFA-A47D-BA4028DD1145}.Debug|Any CPU.ActiveCfg = Debug|Any CPU
		{EBCCDAD1-7311-4DFA-A47D-BA4028DD1145}.Debug|Any CPU.Build.0 = Debug|Any CPU
		{EBCCDAD1-7311-4DFA-A47D-BA4028DD1145}.Release|Any CPU.ActiveCfg = Release|Any CPU
		{EBCCDAD1-7311-4DFA-A47D-BA4028DD1145}.Release|Any CPU.Build.0 = Release|Any CPU
	EndGlobalSection
	GlobalSection(SolutionProperties) = preSolution
		HideSolutionNode = FALSE
	EndGlobalSection
	GlobalSection(ExtensibilityGlobals) = postSolution
		SolutionGuid = {A0B50825-DF22-4C24-AA90-B063C0A4D808}
	EndGlobalSection
EndGlobal
